
Microsoft Visual Studio Solution File, Format Version 12.00
# Visual Studio 15
VisualStudioVersion = 15.0.26124.0
MinimumVisualStudioVersion = 15.0.26124.0
Project("{FAE04EC0-301F-11D3-BF4B-00C04F79EFBC}") = "QuickBuy.Dominio", "QuickBuy.Dominio\QuickBuy.Dominio.csproj", "{FAD32110-FAD8-40E7-9934-E9D23053FF70}"
EndProject
Project("{FAE04EC0-301F-11D3-BF4B-00C04F79EFBC}") = "QuickBuy.Repositorio", "QuickBuy.Repositorio\QuickBuy.Repositorio.csproj", "{C0BF25CB-1739-4DD4-8344-38B8D989627A}"
EndProject
Project("{FAE04EC0-301F-11D3-BF4B-00C04F79EFBC}") = "QuickBuy.Web", "QuickBuy.Web\QuickBuy.Web.csproj", "{67DFA319-CF46-4718-B630-4FFC56EEEC0C}"
EndProject
Global
	GlobalSection(SolutionConfigurationPlatforms) = preSolution
		Debug|Any CPU = Debug|Any CPU
		Debug|x64 = Debug|x64
		Debug|x86 = Debug|x86
		Release|Any CPU = Release|Any CPU
		Release|x64 = Release|x64
		Release|x86 = Release|x86
	EndGlobalSection
	GlobalSection(SolutionProperties) = preSolution
		HideSolutionNode = FALSE
	EndGlobalSection
	GlobalSection(ProjectConfigurationPlatforms) = postSolution
		{FAD32110-FAD8-40E7-9934-E9D23053FF70}.Debug|Any CPU.ActiveCfg = Debug|Any CPU
		{FAD32110-FAD8-40E7-9934-E9D23053FF70}.Debug|Any CPU.Build.0 = Debug|Any CPU
		{FAD32110-FAD8-40E7-9934-E9D23053FF70}.Debug|x64.ActiveCfg = Debug|Any CPU
		{FAD32110-FAD8-40E7-9934-E9D23053FF70}.Debug|x64.Build.0 = Debug|Any CPU
		{FAD32110-FAD8-40E7-9934-E9D23053FF70}.Debug|x86.ActiveCfg = Debug|Any CPU
		{FAD32110-FAD8-40E7-9934-E9D23053FF70}.Debug|x86.Build.0 = Debug|Any CPU
		{FAD32110-FAD8-40E7-9934-E9D23053FF70}.Release|Any CPU.ActiveCfg = Release|Any CPU
		{FAD32110-FAD8-40E7-9934-E9D23053FF70}.Release|Any CPU.Build.0 = Release|Any CPU
		{FAD32110-FAD8-40E7-9934-E9D23053FF70}.Release|x64.ActiveCfg = Release|Any CPU
		{FAD32110-FAD8-40E7-9934-E9D23053FF70}.Release|x64.Build.0 = Release|Any CPU
		{FAD32110-FAD8-40E7-9934-E9D23053FF70}.Release|x86.ActiveCfg = Release|Any CPU
		{FAD32110-FAD8-40E7-9934-E9D23053FF70}.Release|x86.Build.0 = Release|Any CPU
		{C0BF25CB-1739-4DD4-8344-38B8D989627A}.Debug|Any CPU.ActiveCfg = Debug|Any CPU
		{C0BF25CB-1739-4DD4-8344-38B8D989627A}.Debug|Any CPU.Build.0 = Debug|Any CPU
		{C0BF25CB-1739-4DD4-8344-38B8D989627A}.Debug|x64.ActiveCfg = Debug|Any CPU
		{C0BF25CB-1739-4DD4-8344-38B8D989627A}.Debug|x64.Build.0 = Debug|Any CPU
		{C0BF25CB-1739-4DD4-8344-38B8D989627A}.Debug|x86.ActiveCfg = Debug|Any CPU
		{C0BF25CB-1739-4DD4-8344-38B8D989627A}.Debug|x86.Build.0 = Debug|Any CPU
		{C0BF25CB-1739-4DD4-8344-38B8D989627A}.Release|Any CPU.ActiveCfg = Release|Any CPU
		{C0BF25CB-1739-4DD4-8344-38B8D989627A}.Release|Any CPU.Build.0 = Release|Any CPU
		{C0BF25CB-1739-4DD4-8344-38B8D989627A}.Release|x64.ActiveCfg = Release|Any CPU
		{C0BF25CB-1739-4DD4-8344-38B8D989627A}.Release|x64.Build.0 = Release|Any CPU
		{C0BF25CB-1739-4DD4-8344-38B8D989627A}.Release|x86.ActiveCfg = Release|Any CPU
		{C0BF25CB-1739-4DD4-8344-38B8D989627A}.Release|x86.Build.0 = Release|Any CPU
		{67DFA319-CF46-4718-B630-4FFC56EEEC0C}.Debug|Any CPU.ActiveCfg = Debug|Any CPU
		{67DFA319-CF46-4718-B630-4FFC56EEEC0C}.Debug|Any CPU.Build.0 = Debug|Any CPU
		{67DFA319-CF46-4718-B630-4FFC56EEEC0C}.Debug|x64.ActiveCfg = Debug|Any CPU
		{67DFA319-CF46-4718-B630-4FFC56EEEC0C}.Debug|x64.Build.0 = Debug|Any CPU
		{67DFA319-CF46-4718-B630-4FFC56EEEC0C}.Debug|x86.ActiveCfg = Debug|Any CPU
		{67DFA319-CF46-4718-B630-4FFC56EEEC0C}.Debug|x86.Build.0 = Debug|Any CPU
		{67DFA319-CF46-4718-B630-4FFC56EEEC0C}.Release|Any CPU.ActiveCfg = Release|Any CPU
		{67DFA319-CF46-4718-B630-4FFC56EEEC0C}.Release|Any CPU.Build.0 = Release|Any CPU
		{67DFA319-CF46-4718-B630-4FFC56EEEC0C}.Release|x64.ActiveCfg = Release|Any CPU
		{67DFA319-CF46-4718-B630-4FFC56EEEC0C}.Release|x64.Build.0 = Release|Any CPU
		{67DFA319-CF46-4718-B630-4FFC56EEEC0C}.Release|x86.ActiveCfg = Release|Any CPU
		{67DFA319-CF46-4718-B630-4FFC56EEEC0C}.Release|x86.Build.0 = Release|Any CPU
	EndGlobalSection
EndGlobal
